
Microsoft Visual Studio Solution File, Format Version 12.00
# Visual Studio Version 17
VisualStudioVersion = 17.14.36127.28
MinimumVisualStudioVersion = 10.0.40219.1
Project("{FAE04EC0-301F-11D3-BF4B-00C04F79EFBC}") = "TheCard", "TheCard.csproj", "{39DA7EA8-3408-43A1-8FE7-001C3B90CC04}"
EndProject
Project("{FAE04EC0-301F-11D3-BF4B-00C04F79EFBC}") = "SmartDoor", "..\SmartDoor\SmartDoor.csproj", "{10451DD5-883E-4AC7-87A1-322518247DA9}"
EndProject
Global
	GlobalSection(SolutionConfigurationPlatforms) = preSolution
		Debug|Any CPU = Debug|Any CPU
		Release|Any CPU = Release|Any CPU
	EndGlobalSection
	GlobalSection(ProjectConfigurationPlatforms) = postSolution
		{39DA7EA8-3408-43A1-8FE7-001C3B90CC04}.Debug|Any CPU.ActiveCfg = Debug|Any CPU
		{39DA7EA8-3408-43A1-8FE7-001C3B90CC04}.Debug|Any CPU.Build.0 = Debug|Any CPU
		{39DA7EA8-3408-43A1-8FE7-001C3B90CC04}.Release|Any CPU.ActiveCfg = Release|Any CPU
		{39DA7EA8-3408-43A1-8FE7-001C3B90CC04}.Release|Any CPU.Build.0 = Release|Any CPU
		{10451DD5-883E-4AC7-87A1-322518247DA9}.Debug|Any CPU.ActiveCfg = Debug|Any CPU
		{10451DD5-883E-4AC7-87A1-322518247DA9}.Debug|Any CPU.Build.0 = Debug|Any CPU
		{10451DD5-883E-4AC7-87A1-322518247DA9}.Release|Any CPU.ActiveCfg = Release|Any CPU
		{10451DD5-883E-4AC7-87A1-322518247DA9}.Release|Any CPU.Build.0 = Release|Any CPU
	EndGlobalSection
	GlobalSection(SolutionProperties) = preSolution
		HideSolutionNode = FALSE
	EndGlobalSection
	GlobalSection(ExtensibilityGlobals) = postSolution
		SolutionGuid = {3A296627-AD44-435D-88C1-7D0B4765AF89}
	EndGlobalSection
EndGlobal
